
Microsoft Visual Studio Solution File, Format Version 12.00
# Visual Studio Version 16
VisualStudioVersion = 16.0.29521.150
MinimumVisualStudioVersion = 10.0.40219.1
Project("{2150E333-8FDC-42A3-9474-1A3956D46DE8}") = "src", "src", "{97624CD0-BD0B-403C-B499-9724A09AD24C}"
EndProject
Project("{2150E333-8FDC-42A3-9474-1A3956D46DE8}") = "deploy", "deploy", "{9CB54895-EC32-4CFA-9646-087510914471}"
EndProject
Project("{2150E333-8FDC-42A3-9474-1A3956D46DE8}") = "doc", "doc", "{C06EC622-C5D7-48DB-B209-2D4F2242A040}"
	ProjectSection(SolutionItems) = preProject
		.editorconfig = .editorconfig
		.gitignore = .gitignore
		azure-pipelines.yml = azure-pipelines.yml
		LICENSE = LICENSE
		README.md = README.md
	EndProjectSection
EndProject
Project("{2150E333-8FDC-42A3-9474-1A3956D46DE8}") = "test", "test", "{06C2DE8C-7FEC-4159-A745-402893845099}"
EndProject
Project("{2150E333-8FDC-42A3-9474-1A3956D46DE8}") = "unit", "unit", "{ADC62612-0711-4A51-87F6-67C20649C705}"
EndProject
Project("{2150E333-8FDC-42A3-9474-1A3956D46DE8}") = "release", "release", "{F73115DC-5E29-402D-A8E2-5CFEE6589FDF}"
EndProject
Project("{2150E333-8FDC-42A3-9474-1A3956D46DE8}") = "doc", "doc", "{AFDA2978-8523-47EB-AC59-501B28ADAFAF}"
	ProjectSection(SolutionItems) = preProject
		doc\board.drawio.svg = doc\board.drawio.svg
		doc\misc.md = doc\misc.md
		doc\rulebook.md = doc\rulebook.md
	EndProjectSection
EndProject
Project("{2150E333-8FDC-42A3-9474-1A3956D46DE8}") = ".github", ".github", "{0F3D56DC-DA36-46E5-AF8C-9A43345A1319}"
EndProject
Project("{2150E333-8FDC-42A3-9474-1A3956D46DE8}") = "workflows", "workflows", "{639178D8-17FC-41F3-B05E-CCB27B68F520}"
EndProject
Project("{9A19103F-16F7-4668-BE54-9A1E7A4F7556}") = "UR.Tests", "test\unit\UR.Tests\UR.Tests.csproj", "{2CE0DBF9-F096-4890-AA69-F07CF761D33D}"
EndProject
Project("{9A19103F-16F7-4668-BE54-9A1E7A4F7556}") = "UR", "src\UR\UR.csproj", "{89D4FBA4-40DE-40A2-82F3-A6E083529ABD}"
EndProject
Project("{9A19103F-16F7-4668-BE54-9A1E7A4F7556}") = "UR.Client", "src\UR.Client\UR.Client.csproj", "{EFB54D85-6B74-42F9-A2D6-5F4A72F0B407}"
EndProject
Project("{9A19103F-16F7-4668-BE54-9A1E7A4F7556}") = "UR.Server", "src\UR.Server\UR.Server.csproj", "{FA3AB68B-6013-40E4-B7D9-30939E1AEF36}"
EndProject
Global
	GlobalSection(SolutionConfigurationPlatforms) = preSolution
		Debug|Any CPU = Debug|Any CPU
		Release|Any CPU = Release|Any CPU
	EndGlobalSection
	GlobalSection(ProjectConfigurationPlatforms) = postSolution
		{2CE0DBF9-F096-4890-AA69-F07CF761D33D}.Debug|Any CPU.ActiveCfg = Debug|Any CPU
		{2CE0DBF9-F096-4890-AA69-F07CF761D33D}.Debug|Any CPU.Build.0 = Debug|Any CPU
		{2CE0DBF9-F096-4890-AA69-F07CF761D33D}.Release|Any CPU.ActiveCfg = Release|Any CPU
		{2CE0DBF9-F096-4890-AA69-F07CF761D33D}.Release|Any CPU.Build.0 = Release|Any CPU
		{89D4FBA4-40DE-40A2-82F3-A6E083529ABD}.Debug|Any CPU.ActiveCfg = Debug|Any CPU
		{89D4FBA4-40DE-40A2-82F3-A6E083529ABD}.Debug|Any CPU.Build.0 = Debug|Any CPU
		{89D4FBA4-40DE-40A2-82F3-A6E083529ABD}.Release|Any CPU.ActiveCfg = Release|Any CPU
		{89D4FBA4-40DE-40A2-82F3-A6E083529ABD}.Release|Any CPU.Build.0 = Release|Any CPU
		{EFB54D85-6B74-42F9-A2D6-5F4A72F0B407}.Debug|Any CPU.ActiveCfg = Debug|Any CPU
		{EFB54D85-6B74-42F9-A2D6-5F4A72F0B407}.Debug|Any CPU.Build.0 = Debug|Any CPU
		{EFB54D85-6B74-42F9-A2D6-5F4A72F0B407}.Release|Any CPU.ActiveCfg = Release|Any CPU
		{EFB54D85-6B74-42F9-A2D6-5F4A72F0B407}.Release|Any CPU.Build.0 = Release|Any CPU
		{FA3AB68B-6013-40E4-B7D9-30939E1AEF36}.Debug|Any CPU.ActiveCfg = Debug|Any CPU
		{FA3AB68B-6013-40E4-B7D9-30939E1AEF36}.Debug|Any CPU.Build.0 = Debug|Any CPU
		{FA3AB68B-6013-40E4-B7D9-30939E1AEF36}.Release|Any CPU.ActiveCfg = Release|Any CPU
		{FA3AB68B-6013-40E4-B7D9-30939E1AEF36}.Release|Any CPU.Build.0 = Release|Any CPU
	EndGlobalSection
	GlobalSection(SolutionProperties) = preSolution
		HideSolutionNode = FALSE
	EndGlobalSection
	GlobalSection(NestedProjects) = preSolution
		{ADC62612-0711-4A51-87F6-67C20649C705} = {06C2DE8C-7FEC-4159-A745-402893845099}
		{F73115DC-5E29-402D-A8E2-5CFEE6589FDF} = {06C2DE8C-7FEC-4159-A745-402893845099}
		{AFDA2978-8523-47EB-AC59-501B28ADAFAF} = {C06EC622-C5D7-48DB-B209-2D4F2242A040}
		{0F3D56DC-DA36-46E5-AF8C-9A43345A1319} = {C06EC622-C5D7-48DB-B209-2D4F2242A040}
		{639178D8-17FC-41F3-B05E-CCB27B68F520} = {0F3D56DC-DA36-46E5-AF8C-9A43345A1319}
		{2CE0DBF9-F096-4890-AA69-F07CF761D33D} = {ADC62612-0711-4A51-87F6-67C20649C705}
		{89D4FBA4-40DE-40A2-82F3-A6E083529ABD} = {97624CD0-BD0B-403C-B499-9724A09AD24C}
		{EFB54D85-6B74-42F9-A2D6-5F4A72F0B407} = {97624CD0-BD0B-403C-B499-9724A09AD24C}
		{FA3AB68B-6013-40E4-B7D9-30939E1AEF36} = {97624CD0-BD0B-403C-B499-9724A09AD24C}
	EndGlobalSection
	GlobalSection(ExtensibilityGlobals) = postSolution
		SolutionGuid = {7116710A-7D27-4B61-BF4E-1B2F966352A2}
	EndGlobalSection
EndGlobal
